
Microsoft Visual Studio Solution File, Format Version 12.00
# Visual Studio Version 17
VisualStudioVersion = 17.10.34916.146
MinimumVisualStudioVersion = 10.0.40219.1
Project("{9A19103F-16F7-4668-BE54-9A1E7A4F7556}") = "console-semantickernal", "console-semantickernal.csproj", "{AC459C25-3C14-4BD4-BBCE-1085112C76E5}"
EndProject
Global
	GlobalSection(SolutionConfigurationPlatforms) = preSolution
		Debug|Any CPU = Debug|Any CPU
		Release|Any CPU = Release|Any CPU
	EndGlobalSection
	GlobalSection(ProjectConfigurationPlatforms) = postSolution
		{AC459C25-3C14-4BD4-BBCE-1085112C76E5}.Debug|Any CPU.ActiveCfg = Debug|Any CPU
		{AC459C25-3C14-4BD4-BBCE-1085112C76E5}.Debug|Any CPU.Build.0 = Debug|Any CPU
		{AC459C25-3C14-4BD4-BBCE-1085112C76E5}.Release|Any CPU.ActiveCfg = Release|Any CPU
		{AC459C25-3C14-4BD4-BBCE-1085112C76E5}.Release|Any CPU.Build.0 = Release|Any CPU
	EndGlobalSection
	GlobalSection(SolutionProperties) = preSolution
		HideSolutionNode = FALSE
	EndGlobalSection
	GlobalSection(ExtensibilityGlobals) = postSolution
		SolutionGuid = {CAF4CF07-E024-4B3E-B01E-13D230669CDF}
	EndGlobalSection
EndGlobal
